
Microsoft Visual Studio Solution File, Format Version 12.00
# Visual Studio Version 17
VisualStudioVersion = 17.1.32421.90
MinimumVisualStudioVersion = 10.0.40219.1
Project("{FAE04EC0-301F-11D3-BF4B-00C04F79EFBC}") = "gorselprogödev", "gorselprogödev\gorselprogödev.csproj", "{FCFB4CB7-32EF-4CB8-9849-18A0C3B26BBE}"
EndProject
Global
	GlobalSection(SolutionConfigurationPlatforms) = preSolution
		Debug|Any CPU = Debug|Any CPU
		Release|Any CPU = Release|Any CPU
	EndGlobalSection
	GlobalSection(ProjectConfigurationPlatforms) = postSolution
		{FCFB4CB7-32EF-4CB8-9849-18A0C3B26BBE}.Debug|Any CPU.ActiveCfg = Debug|Any CPU
		{FCFB4CB7-32EF-4CB8-9849-18A0C3B26BBE}.Debug|Any CPU.Build.0 = Debug|Any CPU
		{FCFB4CB7-32EF-4CB8-9849-18A0C3B26BBE}.Release|Any CPU.ActiveCfg = Release|Any CPU
		{FCFB4CB7-32EF-4CB8-9849-18A0C3B26BBE}.Release|Any CPU.Build.0 = Release|Any CPU
	EndGlobalSection
	GlobalSection(SolutionProperties) = preSolution
		HideSolutionNode = FALSE
	EndGlobalSection
	GlobalSection(ExtensibilityGlobals) = postSolution
		SolutionGuid = {E93027A3-34B8-40D3-B03A-4C8DF4488BE3}
	EndGlobalSection
EndGlobal
